<?xml version="1.0" encoding="utf-8"?>
<Project ToolsVersion="4.0" xmlns="http://schemas.microsoft.com/developer/msbuild/2003">
  <ItemGroup>
    <Filter Include="Source Files">
      <UniqueIdentifier>{4FC737F1-C7A5-4376-A066-2A32D752A2FF}</UniqueIdentifier>
      <Extensions>cpp;c;cc;cxx;def;odl;idl;hpj;bat;asm;asmx</Extensions>
    </Filter>
    <Filter Include="Header Files">
      <UniqueIdentifier>{93995380-89BD-4b04-88EB-625FBE52EBFB}</UniqueIdentifier>
      <Extensions>h;hh;hpp;hxx;hm;inl;inc;xsd</Extensions>
    </Filter>
    <Filter Include="Resource Files">
      <UniqueIdentifier>{67DA6AB6-F800-4c08-8B7A-83BB121AAD01}</UniqueIdentifier>
      <Extensions>rc;ico;cur;bmp;dlg;rc2;rct;bin;rgs;gif;jpg;jpeg;jpe;resx;tiff;tif;png;wav;mfcribbon-ms</Extensions>
    </Filter>
  </ItemGroup>
  <ItemGroup>
    <ClInclude Include="Erasmus.h">
      <Filter>Header Files</Filter>
    </ClInclude>
    <ClInclude Include="AddStudent.h">
      <Filter>Header Files</Filter>
    </ClInclude>
    <ClInclude Include="UpdateStudent.h">
      <Filter>Header Files</Filter>
    </ClInclude>
    <ClInclude Include="AddCatalog.h">
      <Filter>Header Files</Filter>
    </ClInclude>
    <ClInclude Include="UpdateCatalog.h">
      <Filter>Header Files</Filter>
    </ClInclude>
    <ClInclude Include="AddUniversitate.h">
      <Filter>Header Files</Filter>
    </ClInclude>
    <ClInclude Include="UpdateUniversitate.h">
      <Filter>Header Files</Filter>
    </ClInclude>
    <ClInclude Include="AddTara.h">
      <Filter>Header Files</Filter>
    </ClInclude>
    <ClInclude Include="UpdateTara.h">
      <Filter>Header Files</Filter>
    </ClInclude>
    <ClInclude Include="Login.h">
      <Filter>Header Files</Filter>
    </ClInclude>
    <ClInclude Include="ServerCredentials.h">
      <Filter>Header Files</Filter>
    </ClInclude>
    <ClInclude Include="ResetPassword.h">
      <Filter>Header Files</Filter>
    </ClInclude>
    <ClInclude Include="SendEmail.h">
      <Filter>Header Files</Filter>
    </ClInclude>
    <ClInclude Include="ForgetPassword.h">
      <Filter>Header Files</Filter>
    </ClInclude>
  </ItemGroup>
  <ItemGroup>
    <ClCompile Include="Erasmus.cpp">
      <Filter>Source Files</Filter>
    </ClCompile>
    <ClCompile Include="AddStudent.cpp">
      <Filter>Source Files</Filter>
    </ClCompile>
    <ClCompile Include="UpdateStudent.cpp">
      <Filter>Source Files</Filter>
    </ClCompile>
    <ClCompile Include="AddCatalog.cpp">
      <Filter>Source Files</Filter>
    </ClCompile>
    <ClCompile Include="UpdateCatalog.cpp">
      <Filter>Source Files</Filter>
    </ClCompile>
    <ClCompile Include="AddUniversitate.cpp">
      <Filter>Source Files</Filter>
    </ClCompile>
    <ClCompile Include="UpdateUniversitate.cpp">
      <Filter>Source Files</Filter>
    </ClCompile>
    <ClCompile Include="AddTara.cpp">
      <Filter>Source Files</Filter>
    </ClCompile>
    <ClCompile Include="UpdateTara.cpp">
      <Filter>Source Files</Filter>
    </ClCompile>
    <ClCompile Include="Login.cpp">
      <Filter>Source Files</Filter>
    </ClCompile>
    <ClCompile Include="ServerCredentials.cpp">
      <Filter>Source Files</Filter>
    </ClCompile>
    <ClCompile Include="ResetPassword.cpp">
      <Filter>Source Files</Filter>
    </ClCompile>
    <ClCompile Include="SendEmail.cpp">
      <Filter>Source Files</Filter>
    </ClCompile>
    <ClCompile Include="ForgetPassword.cpp">
      <Filter>Source Files</Filter>
    </ClCompile>
  </ItemGroup>
  <ItemGroup>
    <EmbeddedResource Include="Erasmus.resx">
      <Filter>Resource Files</Filter>
    </EmbeddedResource>
    <EmbeddedResource Include="AddStudent.resx">
      <Filter>Resource Files</Filter>
    </EmbeddedResource>
    <EmbeddedResource Include="UpdateStudent.resx">
      <Filter>Resource Files</Filter>
    </EmbeddedResource>
    <EmbeddedResource Include="AddCatalog.resx">
      <Filter>Resource Files</Filter>
    </EmbeddedResource>
    <EmbeddedResource Include="UpdateCatalog.resx">
      <Filter>Resource Files</Filter>
    </EmbeddedResource>
    <EmbeddedResource Include="AddTara.resx">
      <Filter>Resource Files</Filter>
    </EmbeddedResource>
    <EmbeddedResource Include="AddUniversitate.resx">
      <Filter>Resource Files</Filter>
    </EmbeddedResource>
    <EmbeddedResource Include="UpdateTara.resx">
      <Filter>Resource Files</Filter>
    </EmbeddedResource>
    <EmbeddedResource Include="UpdateUniversitate.resx">
      <Filter>Resource Files</Filter>
    </EmbeddedResource>
    <EmbeddedResource Include="Login.resx">
      <Filter>Resource Files</Filter>
    </EmbeddedResource>
    <EmbeddedResource Include="ServerCredentials.resx">
      <Filter>Resource Files</Filter>
    </EmbeddedResource>
    <EmbeddedResource Include="ResetPassword.resx">
      <Filter>Resource Files</Filter>
    </EmbeddedResource>
    <EmbeddedResource Include="SendEmail.resx">
      <Filter>Resource Files</Filter>
    </EmbeddedResource>
  </ItemGroup>
</Project>